
Microsoft Visual Studio Solution File, Format Version 12.00
# Visual Studio 14
VisualStudioVersion = 14.0.25420.1
MinimumVisualStudioVersion = 10.0.40219.1
Project("{FAE04EC0-301F-11D3-BF4B-00C04F79EFBC}") = "MDMTestJob", "MDMTestJob\MDMTestJob.csproj", "{6529D72A-8D59-4A2F-A4A5-002CEA45013A}"
EndProject
Project("{FAE04EC0-301F-11D3-BF4B-00C04F79EFBC}") = "MDMTJUnitTests", "MDMTJUnitTests\MDMTJUnitTests.csproj", "{7587BCE1-CA1F-4A44-B8A5-627DB0FCCDA1}"
EndProject
Global
	GlobalSection(SolutionConfigurationPlatforms) = preSolution
		Debug|Any CPU = Debug|Any CPU
		Release|Any CPU = Release|Any CPU
	EndGlobalSection
	GlobalSection(ProjectConfigurationPlatforms) = postSolution
		{6529D72A-8D59-4A2F-A4A5-002CEA45013A}.Debug|Any CPU.ActiveCfg = Debug|Any CPU
		{6529D72A-8D59-4A2F-A4A5-002CEA45013A}.Debug|Any CPU.Build.0 = Debug|Any CPU
		{6529D72A-8D59-4A2F-A4A5-002CEA45013A}.Release|Any CPU.ActiveCfg = Release|Any CPU
		{6529D72A-8D59-4A2F-A4A5-002CEA45013A}.Release|Any CPU.Build.0 = Release|Any CPU
		{7587BCE1-CA1F-4A44-B8A5-627DB0FCCDA1}.Debug|Any CPU.ActiveCfg = Debug|Any CPU
		{7587BCE1-CA1F-4A44-B8A5-627DB0FCCDA1}.Debug|Any CPU.Build.0 = Debug|Any CPU
		{7587BCE1-CA1F-4A44-B8A5-627DB0FCCDA1}.Release|Any CPU.ActiveCfg = Release|Any CPU
		{7587BCE1-CA1F-4A44-B8A5-627DB0FCCDA1}.Release|Any CPU.Build.0 = Release|Any CPU
	EndGlobalSection
	GlobalSection(SolutionProperties) = preSolution
		HideSolutionNode = FALSE
	EndGlobalSection
EndGlobal
